// !$*UTF8*$!
{
	archiveVersion = 1;
	classes = {
	};
	objectVersion = 56;
	objects = {

/* Begin PBXBuildFile section */
		B5A0C1012B00000000000001 /* TimeKeeperApp.swift in Sources */ = {isa = PBXBuildFile; fileRef = B5A0C1002B00000000000001 /* TimeKeeperApp.swift */; };
		B5A0C1032B00000000000002 /* ContentView.swift in Sources */ = {isa = PBXBuildFile; fileRef = B5A0C1022B00000000000002 /* ContentView.swift */; };
		B5A0C1052B00000000000003 /* CaptureManager.swift in Sources */ = {isa = PBXBuildFile; fileRef = B5A0C1042B00000000000003 /* CaptureManager.swift */; };
		B5A0C1072B00000000000004 /* PlayerViewModel.swift in Sources */ = {isa = PBXBuildFile; fileRef = B5A0C1062B00000000000004 /* PlayerViewModel.swift */; };
		B5A0C1092B00000000000005 /* FrameExporter.swift in Sources */ = {isa = PBXBuildFile; fileRef = B5A0C1082B00000000000005 /* FrameExporter.swift */; };
		B5A0C10B2B00000000000008 /* RaceTimingModel.swift in Sources */ = {isa = PBXBuildFile; fileRef = B5A0C10A2B00000000000008 /* RaceTimingModel.swift */; };
		B5A0C10D2B00000000000009 /* RaceTimingPanel.swift in Sources */ = {isa = PBXBuildFile; fileRef = B5A0C10C2B00000000000009 /* RaceTimingPanel.swift */; };
		B5A0C10F2B0000000000000A /* VideoPreviewView.swift in Sources */ = {isa = PBXBuildFile; fileRef = B5A0C10E2B0000000000000A /* VideoPreviewView.swift */; };
		B5A0C1112B0000000000000B /* RaceTimelineView.swift in Sources */ = {isa = PBXBuildFile; fileRef = B5A0C1102B0000000000000B /* RaceTimelineView.swift */; };
/* End PBXBuildFile section */

/* Begin PBXFileReference section */
		B5A0C0FD2B00000000000000 /* TimeKeeper.app */ = {isa = PBXFileReference; explicitFileType = wrapper.application; includeInIndex = 0; path = TimeKeeper.app; sourceTree = BUILT_PRODUCTS_DIR; };
		B5A0C1002B00000000000001 /* TimeKeeperApp.swift */ = {isa = PBXFileReference; lastKnownFileType = sourcecode.swift; path = TimeKeeperApp.swift; sourceTree = "<group>"; };
		B5A0C1022B00000000000002 /* ContentView.swift */ = {isa = PBXFileReference; lastKnownFileType = sourcecode.swift; path = ContentView.swift; sourceTree = "<group>"; };
		B5A0C1042B00000000000003 /* CaptureManager.swift */ = {isa = PBXFileReference; lastKnownFileType = sourcecode.swift; path = CaptureManager.swift; sourceTree = "<group>"; };
		B5A0C1062B00000000000004 /* PlayerViewModel.swift */ = {isa = PBXFileReference; lastKnownFileType = sourcecode.swift; path = PlayerViewModel.swift; sourceTree = "<group>"; };
		B5A0C1082B00000000000005 /* FrameExporter.swift */ = {isa = PBXFileReference; lastKnownFileType = sourcecode.swift; path = FrameExporter.swift; sourceTree = "<group>"; };
		B5A0C10A2B00000000000008 /* RaceTimingModel.swift */ = {isa = PBXFileReference; lastKnownFileType = sourcecode.swift; path = RaceTimingModel.swift; sourceTree = "<group>"; };
		B5A0C10C2B00000000000009 /* RaceTimingPanel.swift */ = {isa = PBXFileReference; lastKnownFileType = sourcecode.swift; path = RaceTimingPanel.swift; sourceTree = "<group>"; };
		B5A0C10E2B0000000000000A /* VideoPreviewView.swift */ = {isa = PBXFileReference; lastKnownFileType = sourcecode.swift; path = VideoPreviewView.swift; sourceTree = "<group>"; };
		B5A0C1102B0000000000000B /* RaceTimelineView.swift */ = {isa = PBXFileReference; lastKnownFileType = sourcecode.swift; path = RaceTimelineView.swift; sourceTree = "<group>"; };
		B5A0C10E2B00000000000006 /* Info.plist */ = {isa = PBXFileReference; lastKnownFileType = text.plist.xml; path = Info.plist; sourceTree = "<group>"; };
		B5A0C10F2B00000000000007 /* TimeKeeper.entitlements */ = {isa = PBXFileReference; lastKnownFileType = text.plist.entitlements; path = TimeKeeper.entitlements; sourceTree = "<group>"; };
/* End PBXFileReference section */

/* Begin PBXFrameworksBuildPhase section */
		B5A0C0FA2B00000000000000 /* Frameworks */ = {
			isa = PBXFrameworksBuildPhase;
			buildActionMask = 2147483647;
			files = (
			);
			runOnlyForDeploymentPostprocessing = 0;
		};
/* End PBXFrameworksBuildPhase section */

/* Begin PBXGroup section */
		B5A0C0F42B00000000000000 = {
			isa = PBXGroup;
			children = (
				B5A0C0FF2B00000000000000 /* TimeKeeper */,
				B5A0C0FE2B00000000000000 /* Products */,
			);
			sourceTree = "<group>";
		};
		B5A0C0FE2B00000000000000 /* Products */ = {
			isa = PBXGroup;
			children = (
				B5A0C0FD2B00000000000000 /* TimeKeeper.app */,
			);
			name = Products;
			sourceTree = "<group>";
		};
		B5A0C0FF2B00000000000000 /* TimeKeeper */ = {
			isa = PBXGroup;
			children = (
				B5A0C1002B00000000000001 /* TimeKeeperApp.swift */,
				B5A0C1022B00000000000002 /* ContentView.swift */,
				B5A0C1042B00000000000003 /* CaptureManager.swift */,
				B5A0C1062B00000000000004 /* PlayerViewModel.swift */,
				B5A0C1082B00000000000005 /* FrameExporter.swift */,
				B5A0C10A2B00000000000008 /* RaceTimingModel.swift */,
				B5A0C10C2B00000000000009 /* RaceTimingPanel.swift */,
				B5A0C10E2B0000000000000A /* VideoPreviewView.swift */,
				B5A0C1102B0000000000000B /* RaceTimelineView.swift */,
				B5A0C10E2B00000000000006 /* Info.plist */,
				B5A0C10F2B00000000000007 /* TimeKeeper.entitlements */,
			);
			path = TimeKeeper;
			sourceTree = "<group>";
		};
/* End PBXGroup section */

/* Begin PBXNativeTarget section */
		B5A0C0FC2B00000000000000 /* TimeKeeper */ = {
			isa = PBXNativeTarget;
			buildConfigurationList = B5A0C1122B00000000000000 /* Build configuration list for PBXNativeTarget "TimeKeeper" */;
			buildPhases = (
				B5A0C0F92B00000000000000 /* Sources */,
				B5A0C0FA2B00000000000000 /* Frameworks */,
				B5A0C0FB2B00000000000000 /* Resources */,
			);
			buildRules = (
			);
			dependencies = (
			);
			name = TimeKeeper;
			productName = TimeKeeper;
			productReference = B5A0C0FD2B00000000000000 /* TimeKeeper.app */;
			productType = "com.apple.product-type.application";
		};
/* End PBXNativeTarget section */

/* Begin PBXProject section */
		B5A0C0F52B00000000000000 /* Project object */ = {
			isa = PBXProject;
			attributes = {
				BuildIndependentTargetsInParallel = 1;
				LastSwiftUpdateCheck = 1500;
				LastUpgradeCheck = 1500;
				TargetAttributes = {
					B5A0C0FC2B00000000000000 = {
						CreatedOnToolsVersion = 15.0;
					};
				};
			};
			buildConfigurationList = B5A0C0F82B00000000000000 /* Build configuration list for PBXProject "TimeKeeper" */;
			compatibilityVersion = "Xcode 14.0";
			developmentRegion = en;
			hasScannedForEncodings = 0;
			knownRegions = (
				en,
				Base,
			);
			mainGroup = B5A0C0F42B00000000000000;
			productRefGroup = B5A0C0FE2B00000000000000 /* Products */;
			projectDirPath = "";
			projectRoot = "";
			targets = (
				B5A0C0FC2B00000000000000 /* TimeKeeper */,
			);
		};
/* End PBXProject section */

/* Begin PBXResourcesBuildPhase section */
		B5A0C0FB2B00000000000000 /* Resources */ = {
			isa = PBXResourcesBuildPhase;
			buildActionMask = 2147483647;
			files = (
			);
			runOnlyForDeploymentPostprocessing = 0;
		};
/* End PBXResourcesBuildPhase section */

/* Begin PBXSourcesBuildPhase section */
		B5A0C0F92B00000000000000 /* Sources */ = {
			isa = PBXSourcesBuildPhase;
			buildActionMask = 2147483647;
			files = (
				B5A0C1012B00000000000001 /* TimeKeeperApp.swift in Sources */,
				B5A0C1032B00000000000002 /* ContentView.swift in Sources */,
				B5A0C1052B00000000000003 /* CaptureManager.swift in Sources */,
				B5A0C1072B00000000000004 /* PlayerViewModel.swift in Sources */,
				B5A0C1092B00000000000005 /* FrameExporter.swift in Sources */,
				B5A0C10B2B00000000000008 /* RaceTimingModel.swift in Sources */,
				B5A0C10D2B00000000000009 /* RaceTimingPanel.swift in Sources */,
				B5A0C10F2B0000000000000A /* VideoPreviewView.swift in Sources */,
				B5A0C1112B0000000000000B /* RaceTimelineView.swift in Sources */,
			);
			runOnlyForDeploymentPostprocessing = 0;
		};
/* End PBXSourcesBuildPhase section */

/* Begin XCBuildConfiguration section */
		B5A0C1102B00000000000000 /* Debug */ = {
			isa = XCBuildConfiguration;
			buildSettings = {
				ALWAYS_SEARCH_USER_PATHS = NO;
				ASSETCATALOG_COMPILER_GENERATE_SWIFT_ASSET_SYMBOL_EXTENSIONS = YES;
				CLANG_ANALYZER_NONNULL = YES;
				CLANG_ANALYZER_NUMBER_OBJECT_CONVERSION = YES_AGGRESSIVE;
				CLANG_CXX_LANGUAGE_STANDARD = "gnu++20";
				CLANG_ENABLE_MODULES = YES;
				CLANG_ENABLE_OBJC_ARC = YES;
				CLANG_ENABLE_OBJC_WEAK = YES;
				CLANG_WARN_BLOCK_CAPTURE_AUTORELEASING = YES;
				CLANG_WARN_BOOL_CONVERSION = YES;
				CLANG_WARN_COMMA = YES;
				CLANG_WARN_CONSTANT_CONVERSION = YES;
				CLANG_WARN_DEPRECATED_OBJC_IMPLEMENTATIONS = YES;
				CLANG_WARN_DIRECT_OBJC_ISA_USAGE = YES_ERROR;
				CLANG_WARN_DOCUMENTATION_COMMENTS = YES;
				CLANG_WARN_EMPTY_BODY = YES;
				CLANG_WARN_ENUM_CONVERSION = YES;
				CLANG_WARN_INFINITE_RECURSION = YES;
				CLANG_WARN_INT_CONVERSION = YES;
				CLANG_WARN_NON_LITERAL_NULL_CONVERSION = YES;
				CLANG_WARN_OBJC_IMPLICIT_RETAIN_SELF = YES;
				CLANG_WARN_OBJC_LITERAL_CONVERSION = YES;
				CLANG_WARN_OBJC_ROOT_CLASS = YES_ERROR;
				CLANG_WARN_QUOTED_INCLUDE_IN_FRAMEWORK_HEADER = YES;
				CLANG_WARN_RANGE_LOOP_ANALYSIS = YES;
				CLANG_WARN_STRICT_PROTOTYPES = YES;
				CLANG_WARN_SUSPICIOUS_MOVE = YES;
				CLANG_WARN_UNGUARDED_AVAILABILITY = YES_AGGRESSIVE;
				CLANG_WARN_UNREACHABLE_CODE = YES;
				CLANG_WARN__DUPLICATE_METHOD_MATCH = YES;
				COPY_PHASE_STRIP = NO;
				DEBUG_INFORMATION_FORMAT = dwarf;
				ENABLE_STRICT_OBJC_MSGSEND = YES;
				ENABLE_TESTABILITY = YES;
				ENABLE_USER_SCRIPT_SANDBOXING = YES;
				GCC_C_LANGUAGE_STANDARD = gnu17;
				GCC_DYNAMIC_NO_PIC = NO;
				GCC_NO_COMMON_BLOCKS = YES;
				GCC_OPTIMIZATION_LEVEL = 0;
				GCC_PREPROCESSOR_DEFINITIONS = (
					"DEBUG=1",
					"$(inherited)",
				);
				GCC_WARN_64_TO_32_BIT_CONVERSION = YES;
				GCC_WARN_ABOUT_RETURN_TYPE = YES_ERROR;
				GCC_WARN_UNDECLARED_SELECTOR = YES;
				GCC_WARN_UNINITIALIZED_AUTOS = YES_AGGRESSIVE;
				GCC_WARN_UNUSED_FUNCTION = YES;
				GCC_WARN_UNUSED_VARIABLE = YES;
				LOCALIZATION_PREFERS_STRING_CATALOGS = YES;
				MACOSX_DEPLOYMENT_TARGET = 13.0;
				MTL_ENABLE_DEBUG_INFO = INCLUDE_SOURCE;
				MTL_FAST_MATH = YES;
				ONLY_ACTIVE_ARCH = YES;
				SDKROOT = macosx;
				SWIFT_ACTIVE_COMPILATION_CONDITIONS = "DEBUG $(inherited)";
				SWIFT_OPTIMIZATION_LEVEL = "-Onone";
			};
			name = Debug;
		};
		B5A0C1112B00000000000000 /* Release */ = {
			isa = XCBuildConfiguration;
			buildSettings = {
				ALWAYS_SEARCH_USER_PATHS = NO;
				ASSETCATALOG_COMPILER_GENERATE_SWIFT_ASSET_SYMBOL_EXTENSIONS = YES;
				CLANG_ANALYZER_NONNULL = YES;
				CLANG_ANALYZER_NUMBER_OBJECT_CONVERSION = YES_AGGRESSIVE;
				CLANG_CXX_LANGUAGE_STANDARD = "gnu++20";
				CLANG_ENABLE_MODULES = YES;
				CLANG_ENABLE_OBJC_ARC = YES;
				CLANG_ENABLE_OBJC_WEAK = YES;
				CLANG_WARN_BLOCK_CAPTURE_AUTORELEASING = YES;
				CLANG_WARN_BOOL_CONVERSION = YES;
				CLANG_WARN_COMMA = YES;
				CLANG_WARN_CONSTANT_CONVERSION = YES;
				CLANG_WARN_DEPRECATED_OBJC_IMPLEMENTATIONS = YES;
				CLANG_WARN_DIRECT_OBJC_ISA_USAGE = YES_ERROR;
				CLANG_WARN_DOCUMENTATION_COMMENTS = YES;
				CLANG_WARN_EMPTY_BODY = YES;
				CLANG_WARN_ENUM_CONVERSION = YES;
				CLANG_WARN_INFINITE_RECURSION = YES;
				CLANG_WARN_INT_CONVERSION = YES;
				CLANG_WARN_NON_LITERAL_NULL_CONVERSION = YES;
				CLANG_WARN_OBJC_IMPLICIT_RETAIN_SELF = YES;
				CLANG_WARN_OBJC_LITERAL_CONVERSION = YES;
				CLANG_WARN_OBJC_ROOT_CLASS = YES_ERROR;
				CLANG_WARN_QUOTED_INCLUDE_IN_FRAMEWORK_HEADER = YES;
				CLANG_WARN_RANGE_LOOP_ANALYSIS = YES;
				CLANG_WARN_STRICT_PROTOTYPES = YES;
				CLANG_WARN_SUSPICIOUS_MOVE = YES;
				CLANG_WARN_UNGUARDED_AVAILABILITY = YES_AGGRESSIVE;
				CLANG_WARN_UNREACHABLE_CODE = YES;
				CLANG_WARN__DUPLICATE_METHOD_MATCH = YES;
				COPY_PHASE_STRIP = NO;
				DEBUG_INFORMATION_FORMAT = "dwarf-with-dsym";
				ENABLE_NS_ASSERTIONS = NO;
				ENABLE_STRICT_OBJC_MSGSEND = YES;
				ENABLE_USER_SCRIPT_SANDBOXING = YES;
				GCC_C_LANGUAGE_STANDARD = gnu17;
				GCC_NO_COMMON_BLOCKS = YES;
				GCC_WARN_64_TO_32_BIT_CONVERSION = YES;
				GCC_WARN_ABOUT_RETURN_TYPE = YES_ERROR;
				GCC_WARN_UNDECLARED_SELECTOR = YES;
				GCC_WARN_UNINITIALIZED_AUTOS = YES_AGGRESSIVE;
				GCC_WARN_UNUSED_FUNCTION = YES;
				GCC_WARN_UNUSED_VARIABLE = YES;
				LOCALIZATION_PREFERS_STRING_CATALOGS = YES;
				MACOSX_DEPLOYMENT_TARGET = 13.0;
				MTL_ENABLE_DEBUG_INFO = NO;
				MTL_FAST_MATH = YES;
				SDKROOT = macosx;
				SWIFT_COMPILATION_MODE = wholemodule;
			};
			name = Release;
		};
		B5A0C1132B00000000000000 /* Debug */ = {
			isa = XCBuildConfiguration;
			buildSettings = {
				ASSETCATALOG_COMPILER_APPICON_NAME = AppIcon;
				ASSETCATALOG_COMPILER_GLOBAL_ACCENT_COLOR_NAME = AccentColor;
				CODE_SIGN_ENTITLEMENTS = TimeKeeper/TimeKeeper.entitlements;
				CODE_SIGN_STYLE = Automatic;
				COMBINE_HIDPI_IMAGES = YES;
				CURRENT_PROJECT_VERSION = 1;
				DEVELOPMENT_TEAM = 92LZDGU9MY;
				ENABLE_HARDENED_RUNTIME = NO;
				ENABLE_PREVIEWS = YES;
				GENERATE_INFOPLIST_FILE = NO;
				INFOPLIST_FILE = TimeKeeper/Info.plist;
				INFOPLIST_KEY_NSHumanReadableCopyright = "";
				LD_RUNPATH_SEARCH_PATHS = (
					"$(inherited)",
					"@executable_path/../Frameworks",
				);
				MACOSX_DEPLOYMENT_TARGET = 13.0;
				MARKETING_VERSION = 1.0;
				PRODUCT_BUNDLE_IDENTIFIER = com.tranda.TimeKeeper;
				PRODUCT_NAME = "$(TARGET_NAME)";
				SWIFT_EMIT_LOC_STRINGS = YES;
				SWIFT_VERSION = 5.0;
			};
			name = Debug;
		};
		B5A0C1142B00000000000000 /* Release */ = {
			isa = XCBuildConfiguration;
			buildSettings = {
				ASSETCATALOG_COMPILER_APPICON_NAME = AppIcon;
				ASSETCATALOG_COMPILER_GLOBAL_ACCENT_COLOR_NAME = AccentColor;
				CODE_SIGN_ENTITLEMENTS = TimeKeeper/TimeKeeper.entitlements;
				CODE_SIGN_STYLE = Automatic;
				COMBINE_HIDPI_IMAGES = YES;
				CURRENT_PROJECT_VERSION = 1;
				DEVELOPMENT_TEAM = 92LZDGU9MY;
				ENABLE_HARDENED_RUNTIME = NO;
				ENABLE_PREVIEWS = YES;
				GENERATE_INFOPLIST_FILE = NO;
				INFOPLIST_FILE = TimeKeeper/Info.plist;
				INFOPLIST_KEY_NSHumanReadableCopyright = "";
				LD_RUNPATH_SEARCH_PATHS = (
					"$(inherited)",
					"@executable_path/../Frameworks",
				);
				MACOSX_DEPLOYMENT_TARGET = 13.0;
				MARKETING_VERSION = 1.0;
				PRODUCT_BUNDLE_IDENTIFIER = com.tranda.TimeKeeper;
				PRODUCT_NAME = "$(TARGET_NAME)";
				SWIFT_EMIT_LOC_STRINGS = YES;
				SWIFT_VERSION = 5.0;
			};
			name = Release;
		};
/* End XCBuildConfiguration section */

/* Begin XCConfigurationList section */
		B5A0C0F82B00000000000000 /* Build configuration list for PBXProject "TimeKeeper" */ = {
			isa = XCConfigurationList;
			buildConfigurations = (
				B5A0C1102B00000000000000 /* Debug */,
				B5A0C1112B00000000000000 /* Release */,
			);
			defaultConfigurationIsVisible = 0;
			defaultConfigurationName = Release;
		};
		B5A0C1122B00000000000000 /* Build configuration list for PBXNativeTarget "TimeKeeper" */ = {
			isa = XCConfigurationList;
			buildConfigurations = (
				B5A0C1132B00000000000000 /* Debug */,
				B5A0C1142B00000000000000 /* Release */,
			);
			defaultConfigurationIsVisible = 0;
			defaultConfigurationName = Release;
		};
/* End XCConfigurationList section */
	};
	rootObject = B5A0C0F52B00000000000000 /* Project object */;
}
